Microsoft Visual Studio Solution File, Format Version 12.00
# Visual Studio 2012
Project("{FAE04EC0-301F-11D3-BF4B-00C04F79EFBC}") = "SewerGodot", "SewerGodot.csproj", "{4C65FFBC-5F41-4912-A625-F27EAAA55011}"
EndProject
Global
	GlobalSection(SolutionConfigurationPlatforms) = preSolution
	Debug|Any CPU = Debug|Any CPU
	ExportDebug|Any CPU = ExportDebug|Any CPU
	ExportRelease|Any CPU = ExportRelease|Any CPU
	EndGlobalSection
	GlobalSection(ProjectConfigurationPlatforms) = postSolution
		{4C65FFBC-5F41-4912-A625-F27EAAA55011}.Debug|Any CPU.ActiveCfg = Debug|Any CPU
		{4C65FFBC-5F41-4912-A625-F27EAAA55011}.Debug|Any CPU.Build.0 = Debug|Any CPU
		{4C65FFBC-5F41-4912-A625-F27EAAA55011}.ExportDebug|Any CPU.ActiveCfg = ExportDebug|Any CPU
		{4C65FFBC-5F41-4912-A625-F27EAAA55011}.ExportDebug|Any CPU.Build.0 = ExportDebug|Any CPU
		{4C65FFBC-5F41-4912-A625-F27EAAA55011}.ExportRelease|Any CPU.ActiveCfg = ExportRelease|Any CPU
		{4C65FFBC-5F41-4912-A625-F27EAAA55011}.ExportRelease|Any CPU.Build.0 = ExportRelease|Any CPU
	EndGlobalSection
EndGlobal
